
Microsoft Visual Studio Solution File, Format Version 12.00
# Visual Studio Version 17
VisualStudioVersion = 17.6.33801.468
MinimumVisualStudioVersion = 10.0.40219.1
Project("{FAE04EC0-301F-11D3-BF4B-00C04F79EFBC}") = "GestaoSuporte", "GestaoSuporte\GestaoSuporte.csproj", "{7A55F0B6-3849-4B06-9CB6-04D1EA244443}"
EndProject
Global
	GlobalSection(SolutionConfigurationPlatforms) = preSolution
		Debug|Any CPU = Debug|Any CPU
		Release|Any CPU = Release|Any CPU
	EndGlobalSection
	GlobalSection(ProjectConfigurationPlatforms) = postSolution
		{7A55F0B6-3849-4B06-9CB6-04D1EA244443}.Debug|Any CPU.ActiveCfg = Debug|Any CPU
		{7A55F0B6-3849-4B06-9CB6-04D1EA244443}.Debug|Any CPU.Build.0 = Debug|Any CPU
		{7A55F0B6-3849-4B06-9CB6-04D1EA244443}.Release|Any CPU.ActiveCfg = Release|Any CPU
		{7A55F0B6-3849-4B06-9CB6-04D1EA244443}.Release|Any CPU.Build.0 = Release|Any CPU
	EndGlobalSection
	GlobalSection(SolutionProperties) = preSolution
		HideSolutionNode = FALSE
	EndGlobalSection
	GlobalSection(ExtensibilityGlobals) = postSolution
		SolutionGuid = {C26D529D-8CFB-4B17-84D4-C0FB76A67A15}
	EndGlobalSection
EndGlobal
